
Microsoft Visual Studio Solution File, Format Version 12.00
# Visual Studio Version 16
VisualStudioVersion = 16.0.28621.142
MinimumVisualStudioVersion = 10.0.40219.1
Project("{9A19103F-16F7-4668-BE54-9A1E7A4F7556}") = "HelpDev.core", "HelpDev.core\HelpDev.core.csproj", "{55B3B500-B27D-49D3-B58B-F52C932633B7}"
EndProject
Project("{FAE04EC0-301F-11D3-BF4B-00C04F79EFBC}") = "HelpDev.Infrastructure", "HelpDev.Infrastructure\HelpDev.Infrastructure.csproj", "{480275BD-E098-453E-AB11-4F59EC9E4B28}"
EndProject
Project("{FAE04EC0-301F-11D3-BF4B-00C04F79EFBC}") = "HelpDev.Api", "HelpDev.Api\HelpDev.Api.csproj", "{0391F5B3-A832-44D7-9253-FCDC04F84487}"
EndProject
Global
	GlobalSection(SolutionConfigurationPlatforms) = preSolution
		Debug|Any CPU = Debug|Any CPU
		Release|Any CPU = Release|Any CPU
	EndGlobalSection
	GlobalSection(ProjectConfigurationPlatforms) = postSolution
		{55B3B500-B27D-49D3-B58B-F52C932633B7}.Debug|Any CPU.ActiveCfg = Debug|Any CPU
		{55B3B500-B27D-49D3-B58B-F52C932633B7}.Debug|Any CPU.Build.0 = Debug|Any CPU
		{55B3B500-B27D-49D3-B58B-F52C932633B7}.Release|Any CPU.ActiveCfg = Release|Any CPU
		{55B3B500-B27D-49D3-B58B-F52C932633B7}.Release|Any CPU.Build.0 = Release|Any CPU
		{480275BD-E098-453E-AB11-4F59EC9E4B28}.Debug|Any CPU.ActiveCfg = Debug|Any CPU
		{480275BD-E098-453E-AB11-4F59EC9E4B28}.Debug|Any CPU.Build.0 = Debug|Any CPU
		{480275BD-E098-453E-AB11-4F59EC9E4B28}.Release|Any CPU.ActiveCfg = Release|Any CPU
		{480275BD-E098-453E-AB11-4F59EC9E4B28}.Release|Any CPU.Build.0 = Release|Any CPU
		{0391F5B3-A832-44D7-9253-FCDC04F84487}.Debug|Any CPU.ActiveCfg = Debug|Any CPU
		{0391F5B3-A832-44D7-9253-FCDC04F84487}.Debug|Any CPU.Build.0 = Debug|Any CPU
		{0391F5B3-A832-44D7-9253-FCDC04F84487}.Release|Any CPU.ActiveCfg = Release|Any CPU
		{0391F5B3-A832-44D7-9253-FCDC04F84487}.Release|Any CPU.Build.0 = Release|Any CPU
	EndGlobalSection
	GlobalSection(SolutionProperties) = preSolution
		HideSolutionNode = FALSE
	EndGlobalSection
	GlobalSection(ExtensibilityGlobals) = postSolution
		SolutionGuid = {02729751-EB46-4AF8-A113-9334D54A7111}
	EndGlobalSection
EndGlobal
